{
  "version": 4,
  "terraform_version": "1.15.5",
  "serial": 17,
  "lineage": "c605bbb5-28a1-efd1-b719-487d0410109f",
  "outputs": {
    "argocd_namespace": {
      "value": "argocd",
      "type": "string"
    },
    "namespace": {
      "value": "techhub",
      "type": "string"
    }
  },
  "resources": [
    {
      "mode": "managed",
      "type": "helm_release",
      "name": "loki",
      "provider": "provider[\"registry.terraform.io/hashicorp/helm\"]",
      "instances": [
        {
          "schema_version": 1,
          "attributes": {
            "atomic": false,
            "chart": "loki-stack",
            "cleanup_on_fail": false,
            "create_namespace": false,
            "dependency_update": false,
            "description": null,
            "devel": null,
            "disable_crd_hooks": false,
            "disable_openapi_validation": false,
            "disable_webhooks": false,
            "force_update": false,
            "id": "loki",
            "keyring": null,
            "lint": false,
            "manifest": null,
            "max_history": 0,
            "metadata": [
              {
                "app_version": "v2.9.3",
                "chart": "loki-stack",
                "first_deployed": 1780857725,
                "last_deployed": 1780857725,
                "name": "loki",
                "namespace": "monitoring",
                "notes": "***********************************************************************\n Welcome to Grafana Promtail\n Chart version: 6.17.0\n Promtail version: 3.5.1\n***********************************************************************\n\nVerify the application is working by running these commands:\n* kubectl --namespace monitoring port-forward daemonset/loki-promtail 3101\n* curl http://127.0.0.1:3101/metrics\n\nVerify the application is working by running these commands:\n  kubectl --namespace monitoring port-forward service/loki 3100\n  curl http://127.0.0.1:3100/api/prom/label\n\nThe Loki stack has been deployed to your cluster. Loki can now be added as a datasource in Grafana.\n\nSee http://docs.grafana.org/features/datasources/loki/ for more detail.\n",
                "revision": 1,
                "values": "{}",
                "version": "2.10.3"
              }
            ],
            "name": "loki",
            "namespace": "monitoring",
            "pass_credentials": false,
            "postrender": [],
            "recreate_pods": false,
            "render_subchart_notes": true,
            "replace": false,
            "repository": "https://grafana.github.io/helm-charts",
            "repository_ca_file": null,
            "repository_cert_file": null,
            "repository_key_file": null,
            "repository_password": null,
            "repository_username": null,
            "reset_values": false,
            "reuse_values": false,
            "set": [],
            "set_list": [],
            "set_sensitive": [],
            "skip_crds": false,
            "status": "deployed",
            "timeout": 300,
            "upgrade_install": null,
            "values": null,
            "verify": false,
            "version": "2.10.3",
            "wait": true,
            "wait_for_jobs": false
          },
          "sensitive_attributes": [
            [
              {
                "type": "get_attr",
                "value": "repository_password"
              }
            ]
          ],
          "identity_schema_version": 0,
          "private": "eyJzY2hlbWFfdmVyc2lvbiI6IjEifQ==",
          "dependencies": [
            "kubernetes_namespace.monitoring"
          ]
        }
      ]
    },
    {
      "mode": "managed",
      "type": "kubernetes_config_map",
      "name": "userservice_config",
      "provider": "provider[\"registry.terraform.io/hashicorp/kubernetes\"]",
      "instances": [
        {
          "schema_version": 0,
          "attributes": {
            "binary_data": {},
            "data": {
              "SERVER_PORT": "8080",
              "SPRING_DATASOURCE_URL": "jdbc:postgresql://postgres:5432/usersdb",
              "SPRING_DATASOURCE_USERNAME": "postgres",
              "SPRING_DATA_REDIS_HOST": "redis-master",
              "SPRING_DATA_REDIS_PORT": "6379",
              "SPRING_KAFKA_BOOTSTRAP_SERVERS": "kafka:9092"
            },
            "id": "techhub/userservice-config",
            "immutable": false,
            "metadata": [
              {
                "annotations": {},
                "generate_name": "",
                "generation": 0,
                "labels": {},
                "name": "userservice-config",
                "namespace": "techhub",
                "resource_version": "85880",
                "uid": "35e1f719-4e2d-4be9-9a4c-1cd85bb39169"
              }
            ]
          },
          "sensitive_attributes": [],
          "identity_schema_version": 1,
          "identity": {
            "api_version": "v1",
            "kind": "ConfigMap",
            "name": "userservice-config",
            "namespace": "techhub"
          },
          "private": "bnVsbA==",
          "dependencies": [
            "kubernetes_namespace.techhub"
          ]
        }
      ]
    },
    {
      "mode": "managed",
      "type": "kubernetes_namespace",
      "name": "monitoring",
      "provider": "provider[\"registry.terraform.io/hashicorp/kubernetes\"]",
      "instances": [
        {
          "schema_version": 0,
          "attributes": {
            "id": "monitoring",
            "metadata": [
              {
                "annotations": null,
                "generate_name": "",
                "generation": 0,
                "labels": null,
                "name": "monitoring",
                "resource_version": "85876",
                "uid": "a4720765-5391-4c57-93e4-5bb781e0267f"
              }
            ],
            "timeouts": null,
            "wait_for_default_service_account": false
          },
          "sensitive_attributes": [],
          "identity_schema_version": 1,
          "identity": {
            "api_version": "v1",
            "kind": "Namespace",
            "name": "monitoring"
          },
          "private": "eyJlMmJmYjczMC1lY2FhLTExZTYtOGY4OC0zNDM2M2JjN2M0YzAiOnsiZGVsZXRlIjozMDAwMDAwMDAwMDB9fQ=="
        }
      ]
    },
    {
      "mode": "managed",
      "type": "kubernetes_namespace",
      "name": "techhub",
      "provider": "provider[\"registry.terraform.io/hashicorp/kubernetes\"]",
      "instances": [
        {
          "schema_version": 0,
          "attributes": {
            "id": "techhub",
            "metadata": [
              {
                "annotations": {},
                "generate_name": "",
                "generation": 0,
                "labels": {},
                "name": "techhub",
                "resource_version": "85877",
                "uid": "e68d5774-7e8c-4832-b215-e76b2a3836c3"
              }
            ],
            "timeouts": null,
            "wait_for_default_service_account": false
          },
          "sensitive_attributes": [],
          "identity_schema_version": 1,
          "identity": {
            "api_version": "v1",
            "kind": "Namespace",
            "name": "techhub"
          },
          "private": "eyJlMmJmYjczMC1lY2FhLTExZTYtOGY4OC0zNDM2M2JjN2M0YzAiOnsiZGVsZXRlIjozMDAwMDAwMDAwMDB9fQ=="
        }
      ]
    },
    {
      "mode": "managed",
      "type": "kubernetes_secret",
      "name": "userservice_secrets",
      "provider": "provider[\"registry.terraform.io/hashicorp/kubernetes\"]",
      "instances": [
        {
          "schema_version": 0,
          "attributes": {
            "binary_data": null,
            "binary_data_wo": null,
            "binary_data_wo_revision": null,
            "data": {
              "CLIENT_ID": "Ov23liOgHR7PTIKeUxMr",
              "CLIENT_SECRET": "5c97c5d62a5de1c65158bf5b4590dfa18d5dec2c",
              "DB_PASSWORD": "postgres",
              "GOOGLE_CLIENT_ID": "830884241079-soo9stan3j8dd9g6mbl6c9qdao075j30.apps.googleusercontent.com",
              "GOOGLE_CLIENT_SECRET": "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",
              "JWT_SECRET": "44kZGaySDVJ87wlmYZnOqJKQmrQNYT1fZdJZNfCQV0caGrZFK6fFQh7MRkoJQ+F9FnZh2XfaACfV8hieLkrQBg=="
            },
            "data_wo": null,
            "data_wo_revision": null,
            "id": "techhub/userservice-secrets",
            "immutable": false,
            "metadata": [
              {
                "annotations": {},
                "generate_name": "",
                "generation": 0,
                "labels": {},
                "name": "userservice-secrets",
                "namespace": "techhub",
                "resource_version": "7834",
                "uid": "ecf29092-0887-4159-8224-4e881d45d293"
              }
            ],
            "timeouts": null,
            "type": "Opaque",
            "wait_for_service_account_token": true
          },
          "sensitive_attributes": [
            [
              {
                "type": "get_attr",
                "value": "binary_data"
              }
            ],
            [
              {
                "type": "get_attr",
                "value": "data"
              }
            ],
            [
              {
                "type": "get_attr",
                "value": "data"
              },
              {
                "type": "index",
                "value": {
                  "value": "CLIENT_ID",
                  "type": "string"
                }
              }
            ],
            [
              {
                "type": "get_attr",
                "value": "data"
              },
              {
                "type": "index",
                "value": {
                  "value": "CLIENT_SECRET",
                  "type": "string"
                }
              }
            ],
            [
              {
                "type": "get_attr",
                "value": "data"
              },
              {
                "type": "index",
                "value": {
                  "value": "DB_PASSWORD",
                  "type": "string"
                }
              }
            ],
            [
              {
                "type": "get_attr",
                "value": "data"
              },
              {
                "type": "index",
                "value": {
                  "value": "GOOGLE_CLIENT_ID",
                  "type": "string"
                }
              }
            ],
            [
              {
                "type": "get_attr",
                "value": "data"
              },
              {
                "type": "index",
                "value": {
                  "value": "GOOGLE_CLIENT_SECRET",
                  "type": "string"
                }
              }
            ],
            [
              {
                "type": "get_attr",
                "value": "data"
              },
              {
                "type": "index",
                "value": {
                  "value": "JWT_SECRET",
                  "type": "string"
                }
              }
            ]
          ],
          "identity_schema_version": 1,
          "identity": {
            "api_version": "v1",
            "kind": "Secret",
            "name": "userservice-secrets",
            "namespace": "techhub"
          },
          "private": "eyJlMmJmYjczMC1lY2FhLTExZTYtOGY4OC0zNDM2M2JjN2M0YzAiOnsiY3JlYXRlIjo2MDAwMDAwMDAwMH19",
          "dependencies": [
            "kubernetes_namespace.techhub"
          ]
        }
      ]
    }
  ],
  "check_results": null
}
